
Microsoft Visual Studio Solution File, Format Version 12.00
# Visual Studio Version 17
VisualStudioVersion = 17.3.32825.248
MinimumVisualStudioVersion = 10.0.40219.1
Project("{9A19103F-16F7-4668-BE54-9A1E7A4F7556}") = "AdivinaAlPiloto", "AdivinaAlPiloto\AdivinaAlPiloto.csproj", "{DC39EF83-B7EF-4A3A-BE19-E9A7855DED4D}"
EndProject
Project("{FAE04EC0-301F-11D3-BF4B-00C04F79EFBC}") = "ClienteAdivino", "ClienteAdivino\ClienteAdivino.csproj", "{58FE422B-C407-4575-80C9-37FCE5BB0D5B}"
EndProject
Global
	GlobalSection(SolutionConfigurationPlatforms) = preSolution
		Debug|Any CPU = Debug|Any CPU
		Release|Any CPU = Release|Any CPU
	EndGlobalSection
	GlobalSection(ProjectConfigurationPlatforms) = postSolution
		{DC39EF83-B7EF-4A3A-BE19-E9A7855DED4D}.Debug|Any CPU.ActiveCfg = Debug|Any CPU
		{DC39EF83-B7EF-4A3A-BE19-E9A7855DED4D}.Debug|Any CPU.Build.0 = Debug|Any CPU
		{DC39EF83-B7EF-4A3A-BE19-E9A7855DED4D}.Release|Any CPU.ActiveCfg = Release|Any CPU
		{DC39EF83-B7EF-4A3A-BE19-E9A7855DED4D}.Release|Any CPU.Build.0 = Release|Any CPU
		{58FE422B-C407-4575-80C9-37FCE5BB0D5B}.Debug|Any CPU.ActiveCfg = Debug|Any CPU
		{58FE422B-C407-4575-80C9-37FCE5BB0D5B}.Debug|Any CPU.Build.0 = Debug|Any CPU
		{58FE422B-C407-4575-80C9-37FCE5BB0D5B}.Release|Any CPU.ActiveCfg = Release|Any CPU
		{58FE422B-C407-4575-80C9-37FCE5BB0D5B}.Release|Any CPU.Build.0 = Release|Any CPU
	EndGlobalSection
	GlobalSection(SolutionProperties) = preSolution
		HideSolutionNode = FALSE
	EndGlobalSection
	GlobalSection(ExtensibilityGlobals) = postSolution
		SolutionGuid = {CB390DDD-1DAC-4E96-AD4D-622F6362C9C0}
	EndGlobalSection
EndGlobal
