
Microsoft Visual Studio Solution File, Format Version 12.00
# Visual Studio Version 17
VisualStudioVersion = 17.3.32825.248
MinimumVisualStudioVersion = 10.0.40219.1
Project("{FAE04EC0-301F-11D3-BF4B-00C04F79EFBC}") = "ShiftServer", "ShiftServer.csproj", "{4933D067-A48C-4ECE-B8EA-A1548AEF2455}"
EndProject
Global
	GlobalSection(SolutionConfigurationPlatforms) = preSolution
		Debug|Any CPU = Debug|Any CPU
		Release|Any CPU = Release|Any CPU
	EndGlobalSection
	GlobalSection(ProjectConfigurationPlatforms) = postSolution
		{4933D067-A48C-4ECE-B8EA-A1548AEF2455}.Debug|Any CPU.ActiveCfg = Debug|Any CPU
		{4933D067-A48C-4ECE-B8EA-A1548AEF2455}.Debug|Any CPU.Build.0 = Debug|Any CPU
		{4933D067-A48C-4ECE-B8EA-A1548AEF2455}.Release|Any CPU.ActiveCfg = Release|Any CPU
		{4933D067-A48C-4ECE-B8EA-A1548AEF2455}.Release|Any CPU.Build.0 = Release|Any CPU
	EndGlobalSection
	GlobalSection(SolutionProperties) = preSolution
		HideSolutionNode = FALSE
	EndGlobalSection
	GlobalSection(ExtensibilityGlobals) = postSolution
		SolutionGuid = {ED646FEE-2779-43C1-9B42-888813964422}
	EndGlobalSection
EndGlobal
